<?xml version="1.0" encoding="utf-8"?>
<Project ToolsVersion="4.0" xmlns="http://schemas.microsoft.com/developer/msbuild/2003">
  <ItemGroup>
    <Filter Include="Source Files">
      <UniqueIdentifier>{D4E5F6A7-B8C9-0123-DEF0-123456789012}</UniqueIdentifier>
      <Extensions>cpp</Extensions>
    </Filter>
  </ItemGroup>
  <ItemGroup>
    <ClCompile Include="src\test_main.cpp">
      <Filter>Source Files</Filter>
    </ClCompile>
    <ClCompile Include="src\test_logger.cpp">
      <Filter>Source Files</Filter>
    </ClCompile>
    <ClCompile Include="src\test_socks5.cpp">
      <Filter>Source Files</Filter>
    </ClCompile>
    <ClCompile Include="src\test_socks5_session.cpp">
      <Filter>Source Files</Filter>
    </ClCompile>
    <ClCompile Include="src\test_config.cpp">
      <Filter>Source Files</Filter>
    </ClCompile>
    <ClCompile Include="src\test_connect.cpp">
      <Filter>Source Files</Filter>
    </ClCompile>
    <ClCompile Include="..\ssh-proxy\src\config.cpp">
      <Filter>Source Files</Filter>
    </ClCompile>
  </ItemGroup>
</Project>
