<?xml version="1.0" encoding="utf-8"?>
<Project ToolsVersion="4.0" xmlns="http://schemas.microsoft.com/developer/msbuild/2003">
  <ItemGroup>
    <Filter Include="Source Files">
      <UniqueIdentifier>{C1D2E3F4-A5B6-7890-CDEF-012345678901}</UniqueIdentifier>
    </Filter>
    <Filter Include="Header Files">
      <UniqueIdentifier>{D2E3F4A5-B6C7-8901-DEF0-123456789012}</UniqueIdentifier>
    </Filter>
    <Filter Include="Header Files\Public">
      <UniqueIdentifier>{E3F4A5B6-C7D8-9012-EF01-234567890123}</UniqueIdentifier>
    </Filter>
  </ItemGroup>

  <ItemGroup>
    <ClCompile Include="src\logger.cpp">
      <Filter>Source Files</Filter>
    </ClCompile>
    <ClCompile Include="src\async_io.cpp">
      <Filter>Source Files</Filter>
    </ClCompile>
    <ClCompile Include="src\tcp_connection.cpp">
      <Filter>Source Files</Filter>
    </ClCompile>
    <ClCompile Include="src\socks5_handler.cpp">
      <Filter>Source Files</Filter>
    </ClCompile>
    <ClCompile Include="src\ssh_transport.cpp">
      <Filter>Source Files</Filter>
    </ClCompile>
    <ClCompile Include="src\socks5_session.cpp">
      <Filter>Source Files</Filter>
    </ClCompile>
    <ClCompile Include="src\connect.cpp">
      <Filter>Source Files</Filter>
    </ClCompile>
  </ItemGroup>

  <ItemGroup>
    <ClInclude Include="public\ssh_proxy.h">
      <Filter>Header Files\Public</Filter>
    </ClInclude>
    <ClInclude Include="include\common.h">
      <Filter>Header Files</Filter>
    </ClInclude>
    <ClInclude Include="include\ssh_config.h">
      <Filter>Header Files</Filter>
    </ClInclude>
    <ClInclude Include="include\logger.h">
      <Filter>Header Files</Filter>
    </ClInclude>
    <ClInclude Include="include\async_io.h">
      <Filter>Header Files</Filter>
    </ClInclude>
    <ClInclude Include="include\ssh_channel.h">
      <Filter>Header Files</Filter>
    </ClInclude>
    <ClInclude Include="include\ssh_transport.h">
      <Filter>Header Files</Filter>
    </ClInclude>
    <ClInclude Include="include\socks5_session.h">
      <Filter>Header Files</Filter>
    </ClInclude>
    <ClInclude Include="include\socks5_handler.h">
      <Filter>Header Files</Filter>
    </ClInclude>
    <ClInclude Include="include\tcp_connection.h">
      <Filter>Header Files</Filter>
    </ClInclude>
  </ItemGroup>
</Project>
